<?xml version="1.0" encoding="UTF-8"?>
<CodeBlocks_project_file>
	<FileVersion major="1" minor="6"/>
	<Project>
		<Option title="gomoku"/>
		<Option makefile_is_custom="1"/>
		<Option compiler="gcc"/>
		<Option virtualFolders="CMake Files\;"/>
		<Build>
			<Target title="all">
				<Option working_dir="/home/alexandre/rendu/Tek3/IA/gomoku"/>
				<Option type="4"/>
				<MakeCommands>
					<Build command="/usr/bin/make -j4 -f &quot;/home/alexandre/rendu/Tek3/IA/gomoku/Makefile&quot;  VERBOSE=1 all"/>
					<CompileFile command="/usr/bin/make -j4 -f &quot;/home/alexandre/rendu/Tek3/IA/gomoku/Makefile&quot;  VERBOSE=1 &quot;$file&quot;"/>
					<Clean command="/usr/bin/make -j4 -f &quot;/home/alexandre/rendu/Tek3/IA/gomoku/Makefile&quot;  VERBOSE=1 clean"/>
					<DistClean command="/usr/bin/make -j4 -f &quot;/home/alexandre/rendu/Tek3/IA/gomoku/Makefile&quot;  VERBOSE=1 clean"/>
				</MakeCommands>
			</Target>
			<Target title="rebuild_cache">
				<Option working_dir="/home/alexandre/rendu/Tek3/IA/gomoku"/>
				<Option type="4"/>
				<MakeCommands>
					<Build command="/usr/bin/make -j4 -f &quot;/home/alexandre/rendu/Tek3/IA/gomoku/Makefile&quot;  VERBOSE=1 rebuild_cache"/>
					<CompileFile command="/usr/bin/make -j4 -f &quot;/home/alexandre/rendu/Tek3/IA/gomoku/Makefile&quot;  VERBOSE=1 &quot;$file&quot;"/>
					<Clean command="/usr/bin/make -j4 -f &quot;/home/alexandre/rendu/Tek3/IA/gomoku/Makefile&quot;  VERBOSE=1 clean"/>
					<DistClean command="/usr/bin/make -j4 -f &quot;/home/alexandre/rendu/Tek3/IA/gomoku/Makefile&quot;  VERBOSE=1 clean"/>
				</MakeCommands>
			</Target>
			<Target title="edit_cache">
				<Option working_dir="/home/alexandre/rendu/Tek3/IA/gomoku"/>
				<Option type="4"/>
				<MakeCommands>
					<Build command="/usr/bin/make -j4 -f &quot;/home/alexandre/rendu/Tek3/IA/gomoku/Makefile&quot;  VERBOSE=1 edit_cache"/>
					<CompileFile command="/usr/bin/make -j4 -f &quot;/home/alexandre/rendu/Tek3/IA/gomoku/Makefile&quot;  VERBOSE=1 &quot;$file&quot;"/>
					<Clean command="/usr/bin/make -j4 -f &quot;/home/alexandre/rendu/Tek3/IA/gomoku/Makefile&quot;  VERBOSE=1 clean"/>
					<DistClean command="/usr/bin/make -j4 -f &quot;/home/alexandre/rendu/Tek3/IA/gomoku/Makefile&quot;  VERBOSE=1 clean"/>
				</MakeCommands>
			</Target>
			<Target title="gomoku">
				<Option output="/home/alexandre/rendu/Tek3/IA/gomoku/gomoku" prefix_auto="0" extension_auto="0"/>
				<Option working_dir="/home/alexandre/rendu/Tek3/IA/gomoku"/>
				<Option object_output="./"/>
				<Option type="1"/>
				<Option compiler="gcc"/>
				<Compiler>
					<Add directory="/home/alexandre/rendu/Tek3/IA/gomoku/include"/>
					<Add directory="/usr/include/c++/5"/>
					<Add directory="/usr/include/x86_64-linux-gnu/c++/5"/>
					<Add directory="/usr/include/c++/5/backward"/>
					<Add directory="/usr/lib/gcc/x86_64-linux-gnu/5/include"/>
					<Add directory="/usr/local/include"/>
					<Add directory="/usr/lib/gcc/x86_64-linux-gnu/5/include-fixed"/>
					<Add directory="/usr/include/x86_64-linux-gnu"/>
					<Add directory="/usr/include"/>
				</Compiler>
				<MakeCommands>
					<Build command="/usr/bin/make -j4 -f &quot;/home/alexandre/rendu/Tek3/IA/gomoku/Makefile&quot;  VERBOSE=1 gomoku"/>
					<CompileFile command="/usr/bin/make -j4 -f &quot;/home/alexandre/rendu/Tek3/IA/gomoku/Makefile&quot;  VERBOSE=1 &quot;$file&quot;"/>
					<Clean command="/usr/bin/make -j4 -f &quot;/home/alexandre/rendu/Tek3/IA/gomoku/Makefile&quot;  VERBOSE=1 clean"/>
					<DistClean command="/usr/bin/make -j4 -f &quot;/home/alexandre/rendu/Tek3/IA/gomoku/Makefile&quot;  VERBOSE=1 clean"/>
				</MakeCommands>
			</Target>
			<Target title="gomoku/fast">
				<Option output="/home/alexandre/rendu/Tek3/IA/gomoku/gomoku" prefix_auto="0" extension_auto="0"/>
				<Option working_dir="/home/alexandre/rendu/Tek3/IA/gomoku"/>
				<Option object_output="./"/>
				<Option type="1"/>
				<Option compiler="gcc"/>
				<Compiler>
					<Add directory="/home/alexandre/rendu/Tek3/IA/gomoku/include"/>
					<Add directory="/usr/include/c++/5"/>
					<Add directory="/usr/include/x86_64-linux-gnu/c++/5"/>
					<Add directory="/usr/include/c++/5/backward"/>
					<Add directory="/usr/lib/gcc/x86_64-linux-gnu/5/include"/>
					<Add directory="/usr/local/include"/>
					<Add directory="/usr/lib/gcc/x86_64-linux-gnu/5/include-fixed"/>
					<Add directory="/usr/include/x86_64-linux-gnu"/>
					<Add directory="/usr/include"/>
				</Compiler>
				<MakeCommands>
					<Build command="/usr/bin/make -j4 -f &quot;/home/alexandre/rendu/Tek3/IA/gomoku/Makefile&quot;  VERBOSE=1 gomoku/fast"/>
					<CompileFile command="/usr/bin/make -j4 -f &quot;/home/alexandre/rendu/Tek3/IA/gomoku/Makefile&quot;  VERBOSE=1 &quot;$file&quot;"/>
					<Clean command="/usr/bin/make -j4 -f &quot;/home/alexandre/rendu/Tek3/IA/gomoku/Makefile&quot;  VERBOSE=1 clean"/>
					<DistClean command="/usr/bin/make -j4 -f &quot;/home/alexandre/rendu/Tek3/IA/gomoku/Makefile&quot;  VERBOSE=1 clean"/>
				</MakeCommands>
			</Target>
		</Build>
		<Unit filename="/home/alexandre/rendu/Tek3/IA/gomoku/include/ai/NGM.hpp">
			<Option target="gomoku"/>
		</Unit>
		<Unit filename="/home/alexandre/rendu/Tek3/IA/gomoku/include/ai/eval.hpp">
			<Option target="gomoku"/>
		</Unit>
		<Unit filename="/home/alexandre/rendu/Tek3/IA/gomoku/include/ai/manager.hpp">
			<Option target="gomoku"/>
		</Unit>
		<Unit filename="/home/alexandre/rendu/Tek3/IA/gomoku/include/ai/utils.hpp">
			<Option target="gomoku"/>
		</Unit>
		<Unit filename="/home/alexandre/rendu/Tek3/IA/gomoku/include/controller.hpp">
			<Option target="gomoku"/>
		</Unit>
		<Unit filename="/home/alexandre/rendu/Tek3/IA/gomoku/include/map.hpp">
			<Option target="gomoku"/>
		</Unit>
		<Unit filename="/home/alexandre/rendu/Tek3/IA/gomoku/include/other/global.hpp">
			<Option target="gomoku"/>
		</Unit>
		<Unit filename="/home/alexandre/rendu/Tek3/IA/gomoku/src/ai/NGM.cpp">
			<Option target="gomoku"/>
		</Unit>
		<Unit filename="/home/alexandre/rendu/Tek3/IA/gomoku/src/ai/eval.cpp">
			<Option target="gomoku"/>
		</Unit>
		<Unit filename="/home/alexandre/rendu/Tek3/IA/gomoku/src/ai/manager.cpp">
			<Option target="gomoku"/>
		</Unit>
		<Unit filename="/home/alexandre/rendu/Tek3/IA/gomoku/src/ai/utils.cpp">
			<Option target="gomoku"/>
		</Unit>
		<Unit filename="/home/alexandre/rendu/Tek3/IA/gomoku/src/controller.cpp">
			<Option target="gomoku"/>
		</Unit>
		<Unit filename="/home/alexandre/rendu/Tek3/IA/gomoku/src/main.cpp">
			<Option target="gomoku"/>
		</Unit>
		<Unit filename="/home/alexandre/rendu/Tek3/IA/gomoku/src/map.cpp">
			<Option target="gomoku"/>
		</Unit>
		<Unit filename="/home/alexandre/rendu/Tek3/IA/gomoku/src/other/global.cpp">
			<Option target="gomoku"/>
		</Unit>
		<Unit filename="/home/alexandre/rendu/Tek3/IA/gomoku/CMakeLists.txt">
			<Option virtualFolder="CMake Files\"/>
		</Unit>
	</Project>
</CodeBlocks_project_file>
